
Microsoft Visual Studio Solution File, Format Version 12.00
# Visual Studio 2012
Project("{FAE04EC0-301F-11D3-BF4B-00C04F79EFBC}") = "VideoSystem", "VideoSystem\VideoSystem.csproj", "{A212C231-11B7-4143-9FFF-AAF02FA0A4CD}"
EndProject
Global
	GlobalSection(SolutionConfigurationPlatforms) = preSolution
		Debug|Any CPU = Debug|Any CPU
		Release|Any CPU = Release|Any CPU
	EndGlobalSection
	GlobalSection(ProjectConfigurationPlatforms) = postSolution
		{A212C231-11B7-4143-9FFF-AAF02FA0A4CD}.Debug|Any CPU.ActiveCfg = Debug|Any CPU
		{A212C231-11B7-4143-9FFF-AAF02FA0A4CD}.Debug|Any CPU.Build.0 = Debug|Any CPU
		{A212C231-11B7-4143-9FFF-AAF02FA0A4CD}.Release|Any CPU.ActiveCfg = Release|Any CPU
		{A212C231-11B7-4143-9FFF-AAF02FA0A4CD}.Release|Any CPU.Build.0 = Release|Any CPU
	EndGlobalSection
	GlobalSection(SolutionProperties) = preSolution
		HideSolutionNode = FALSE
	EndGlobalSection
EndGlobal
